# This file is automatically @generated by Cargo.
# It is not intended for manual editing.
version = 4

[[package]]
name = "layassist-app"
version = "0.1.0"
dependencies = [
 "layassist-core",
 "layassist-model",
 "layassist-platform",
 "layassist-resolvers",
]

[[package]]
name = "layassist-core"
version = "0.1.0"

[[package]]
name = "layassist-model"
version = "0.1.0"
dependencies = [
 "layassist-core",
]

[[package]]
name = "layassist-platform"
version = "0.1.0"
dependencies = [
 "layassist-core",
 "layassist-resolvers",
]

[[package]]
name = "layassist-resolvers"
version = "0.1.0"
dependencies = [
 "layassist-core",
]
